
Microsoft Visual Studio Solution File, Format Version 12.00
# Visual Studio Version 17
VisualStudioVersion = 17.8.34330.188
MinimumVisualStudioVersion = 10.0.40219.1
Project("{8BC9CEB8-8B4A-11D0-8D11-00A0C91BC942}") = "SFML_TEMPLATE1", "SFML_TEMPLATE1.vcxproj", "{68520C82-7B88-4759-BF23-1FB34789ADA8}"
EndProject
Global
	GlobalSection(SolutionConfigurationPlatforms) = preSolution
		Debug|x64 = Debug|x64
		Debug|x86 = Debug|x86
		Release|x64 = Release|x64
		Release|x86 = Release|x86
	EndGlobalSection
	GlobalSection(ProjectConfigurationPlatforms) = postSolution
		{68520C82-7B88-4759-BF23-1FB34789ADA8}.Debug|x64.ActiveCfg = Debug|x64
		{68520C82-7B88-4759-BF23-1FB34789ADA8}.Debug|x64.Build.0 = Debug|x64
		{68520C82-7B88-4759-BF23-1FB34789ADA8}.Debug|x86.ActiveCfg = Debug|Win32
		{68520C82-7B88-4759-BF23-1FB34789ADA8}.Debug|x86.Build.0 = Debug|Win32
		{68520C82-7B88-4759-BF23-1FB34789ADA8}.Release|x64.ActiveCfg = Release|x64
		{68520C82-7B88-4759-BF23-1FB34789ADA8}.Release|x64.Build.0 = Release|x64
		{68520C82-7B88-4759-BF23-1FB34789ADA8}.Release|x86.ActiveCfg = Release|Win32
		{68520C82-7B88-4759-BF23-1FB34789ADA8}.Release|x86.Build.0 = Release|Win32
	EndGlobalSection
	GlobalSection(SolutionProperties) = preSolution
		HideSolutionNode = FALSE
	EndGlobalSection
	GlobalSection(ExtensibilityGlobals) = postSolution
		SolutionGuid = {DAF4B526-3305-4DB2-B24A-FCF8DEDC8486}
	EndGlobalSection
EndGlobal
